
Microsoft Visual Studio Solution File, Format Version 12.00
# Visual Studio Version 17
VisualStudioVersion = 17.14.36127.28 d17.14
MinimumVisualStudioVersion = 10.0.40219.1
Project("{FAE04EC0-301F-11D3-BF4B-00C04F79EFBC}") = "XRCultureMiddleware", "XRCultureMiddleware\XRCultureMiddleware.csproj", "{E06D972B-C8E5-4170-8A25-2423A4537062}"
EndProject
Global
	GlobalSection(SolutionConfigurationPlatforms) = preSolution
		Debug|Any CPU = Debug|Any CPU
		Release|Any CPU = Release|Any CPU
	EndGlobalSection
	GlobalSection(ProjectConfigurationPlatforms) = postSolution
		{E06D972B-C8E5-4170-8A25-2423A4537062}.Debug|Any CPU.ActiveCfg = Debug|Any CPU
		{E06D972B-C8E5-4170-8A25-2423A4537062}.Debug|Any CPU.Build.0 = Debug|Any CPU
		{E06D972B-C8E5-4170-8A25-2423A4537062}.Release|Any CPU.ActiveCfg = Release|Any CPU
		{E06D972B-C8E5-4170-8A25-2423A4537062}.Release|Any CPU.Build.0 = Release|Any CPU
	EndGlobalSection
	GlobalSection(SolutionProperties) = preSolution
		HideSolutionNode = FALSE
	EndGlobalSection
	GlobalSection(ExtensibilityGlobals) = postSolution
		SolutionGuid = {B8137693-4995-4E5A-AB5D-8C4659D7BD53}
	EndGlobalSection
EndGlobal
