
Microsoft Visual Studio Solution File, Format Version 12.00
# Visual Studio Version 17
VisualStudioVersion = 17.14.36109.1
MinimumVisualStudioVersion = 10.0.40219.1
Project("{FAE04EC0-301F-11D3-BF4B-00C04F79EFBC}") = "XRCultureWebApp", "XRCultureWebApp\XRCultureWebApp.csproj", "{50C8DCE7-FCA7-40AC-AE94-DFB443465A05}"
EndProject
Global
	GlobalSection(SolutionConfigurationPlatforms) = preSolution
		Debug|Any CPU = Debug|Any CPU
		Release|Any CPU = Release|Any CPU
	EndGlobalSection
	GlobalSection(ProjectConfigurationPlatforms) = postSolution
		{50C8DCE7-FCA7-40AC-AE94-DFB443465A05}.Debug|Any CPU.ActiveCfg = Debug|Any CPU
		{50C8DCE7-FCA7-40AC-AE94-DFB443465A05}.Debug|Any CPU.Build.0 = Debug|Any CPU
		{50C8DCE7-FCA7-40AC-AE94-DFB443465A05}.Release|Any CPU.ActiveCfg = Release|Any CPU
		{50C8DCE7-FCA7-40AC-AE94-DFB443465A05}.Release|Any CPU.Build.0 = Release|Any CPU
	EndGlobalSection
	GlobalSection(SolutionProperties) = preSolution
		HideSolutionNode = FALSE
	EndGlobalSection
	GlobalSection(ExtensibilityGlobals) = postSolution
		SolutionGuid = {FA0C03C7-8292-49C4-A958-C9E4C29548B8}
	EndGlobalSection
EndGlobal
